
Microsoft Visual Studio Solution File, Format Version 12.00
# Visual Studio 15
VisualStudioVersion = 15.0.28307.489
MinimumVisualStudioVersion = 10.0.40219.1
Project("{FAE04EC0-301F-11D3-BF4B-00C04F79EFBC}") = "DS4_Fabrika_Client", "DS4_Fabrika_Client\DS4_Fabrika_Client.csproj", "{183AD66D-A996-4A74-92A6-A3D9CB066E96}"
EndProject
Global
	GlobalSection(SolutionConfigurationPlatforms) = preSolution
		Debug|Any CPU = Debug|Any CPU
		Release|Any CPU = Release|Any CPU
	EndGlobalSection
	GlobalSection(ProjectConfigurationPlatforms) = postSolution
		{183AD66D-A996-4A74-92A6-A3D9CB066E96}.Debug|Any CPU.ActiveCfg = Debug|Any CPU
		{183AD66D-A996-4A74-92A6-A3D9CB066E96}.Debug|Any CPU.Build.0 = Debug|Any CPU
		{183AD66D-A996-4A74-92A6-A3D9CB066E96}.Release|Any CPU.ActiveCfg = Release|Any CPU
		{183AD66D-A996-4A74-92A6-A3D9CB066E96}.Release|Any CPU.Build.0 = Release|Any CPU
	EndGlobalSection
	GlobalSection(SolutionProperties) = preSolution
		HideSolutionNode = FALSE
	EndGlobalSection
	GlobalSection(ExtensibilityGlobals) = postSolution
		SolutionGuid = {23432F0F-71D4-4AAB-A7EE-BE387C4E84D1}
	EndGlobalSection
EndGlobal
